
Microsoft Visual Studio Solution File, Format Version 12.00
# Visual Studio Version 17
VisualStudioVersion = 17.6.33829.357
MinimumVisualStudioVersion = 10.0.40219.1
Project("{FAE04EC0-301F-11D3-BF4B-00C04F79EFBC}") = "MVC_Sepet", "MVC_Sepet\MVC_Sepet.csproj", "{CF2B93EB-0128-48AD-9377-ADB7B0A7736F}"
EndProject
Global
	GlobalSection(SolutionConfigurationPlatforms) = preSolution
		Debug|Any CPU = Debug|Any CPU
		Release|Any CPU = Release|Any CPU
	EndGlobalSection
	GlobalSection(ProjectConfigurationPlatforms) = postSolution
		{CF2B93EB-0128-48AD-9377-ADB7B0A7736F}.Debug|Any CPU.ActiveCfg = Debug|Any CPU
		{CF2B93EB-0128-48AD-9377-ADB7B0A7736F}.Debug|Any CPU.Build.0 = Debug|Any CPU
		{CF2B93EB-0128-48AD-9377-ADB7B0A7736F}.Release|Any CPU.ActiveCfg = Release|Any CPU
		{CF2B93EB-0128-48AD-9377-ADB7B0A7736F}.Release|Any CPU.Build.0 = Release|Any CPU
	EndGlobalSection
	GlobalSection(SolutionProperties) = preSolution
		HideSolutionNode = FALSE
	EndGlobalSection
	GlobalSection(ExtensibilityGlobals) = postSolution
		SolutionGuid = {207DCFF5-D71C-424C-9AA4-BA5ED77000C9}
	EndGlobalSection
EndGlobal
